
Microsoft Visual Studio Solution File, Format Version 12.00
# Visual Studio Version 17
VisualStudioVersion = 17.6.33829.357
MinimumVisualStudioVersion = 10.0.40219.1
Project("{FAE04EC0-301F-11D3-BF4B-00C04F79EFBC}") = "webapiapplication", "webapiapplication\webapiapplication.csproj", "{310DC124-0949-4B11-BA27-CF7E13B7CB54}"
EndProject
Project("{FAE04EC0-301F-11D3-BF4B-00C04F79EFBC}") = "WEBFORM2WITHREFERNCEOFEXISTINGWEBAPI", "WEBFORM2WITHREFERNCEOFEXISTINGWEBAPI\WEBFORM2WITHREFERNCEOFEXISTINGWEBAPI.csproj", "{2B563221-FF70-4BA8-A9C1-FB9C01B3BC92}"
	ProjectSection(ProjectDependencies) = postProject
		{310DC124-0949-4B11-BA27-CF7E13B7CB54} = {310DC124-0949-4B11-BA27-CF7E13B7CB54}
	EndProjectSection
EndProject
Global
	GlobalSection(SolutionConfigurationPlatforms) = preSolution
		Debug|Any CPU = Debug|Any CPU
		Release|Any CPU = Release|Any CPU
	EndGlobalSection
	GlobalSection(ProjectConfigurationPlatforms) = postSolution
		{310DC124-0949-4B11-BA27-CF7E13B7CB54}.Debug|Any CPU.ActiveCfg = Debug|Any CPU
		{310DC124-0949-4B11-BA27-CF7E13B7CB54}.Debug|Any CPU.Build.0 = Debug|Any CPU
		{310DC124-0949-4B11-BA27-CF7E13B7CB54}.Release|Any CPU.ActiveCfg = Release|Any CPU
		{310DC124-0949-4B11-BA27-CF7E13B7CB54}.Release|Any CPU.Build.0 = Release|Any CPU
		{2B563221-FF70-4BA8-A9C1-FB9C01B3BC92}.Debug|Any CPU.ActiveCfg = Debug|Any CPU
		{2B563221-FF70-4BA8-A9C1-FB9C01B3BC92}.Debug|Any CPU.Build.0 = Debug|Any CPU
		{2B563221-FF70-4BA8-A9C1-FB9C01B3BC92}.Release|Any CPU.ActiveCfg = Release|Any CPU
		{2B563221-FF70-4BA8-A9C1-FB9C01B3BC92}.Release|Any CPU.Build.0 = Release|Any CPU
	EndGlobalSection
	GlobalSection(SolutionProperties) = preSolution
		HideSolutionNode = FALSE
	EndGlobalSection
	GlobalSection(ExtensibilityGlobals) = postSolution
		SolutionGuid = {48F38C55-3C41-4493-BF05-8DCD56886558}
	EndGlobalSection
EndGlobal
