
Microsoft Visual Studio Solution File, Format Version 12.00
# Visual Studio Version 17
VisualStudioVersion = 17.6.33829.357
MinimumVisualStudioVersion = 10.0.40219.1
Project("{FAE04EC0-301F-11D3-BF4B-00C04F79EFBC}") = "WebAPIWEBFORM2", "WebAPIWEBFORM2\WebAPIWEBFORM2.csproj", "{B17B1EFD-8A3A-464B-B5B8-86F803954C47}"
EndProject
Global
	GlobalSection(SolutionConfigurationPlatforms) = preSolution
		Debug|Any CPU = Debug|Any CPU
		Release|Any CPU = Release|Any CPU
	EndGlobalSection
	GlobalSection(ProjectConfigurationPlatforms) = postSolution
		{B17B1EFD-8A3A-464B-B5B8-86F803954C47}.Debug|Any CPU.ActiveCfg = Debug|Any CPU
		{B17B1EFD-8A3A-464B-B5B8-86F803954C47}.Debug|Any CPU.Build.0 = Debug|Any CPU
		{B17B1EFD-8A3A-464B-B5B8-86F803954C47}.Release|Any CPU.ActiveCfg = Release|Any CPU
		{B17B1EFD-8A3A-464B-B5B8-86F803954C47}.Release|Any CPU.Build.0 = Release|Any CPU
	EndGlobalSection
	GlobalSection(SolutionProperties) = preSolution
		HideSolutionNode = FALSE
	EndGlobalSection
	GlobalSection(ExtensibilityGlobals) = postSolution
		SolutionGuid = {62F15BD7-EBC1-4345-8020-CB2DF2B32355}
	EndGlobalSection
EndGlobal
