
Microsoft Visual Studio Solution File, Format Version 12.00
# Visual Studio Version 17
VisualStudioVersion = 17.6.33829.357
MinimumVisualStudioVersion = 10.0.40219.1
Project("{FAE04EC0-301F-11D3-BF4B-00C04F79EFBC}") = "WcfServiceLibrary1", "WcfServiceLibrary1\WcfServiceLibrary1.csproj", "{55C8A70D-F71B-4E4B-9EBE-562615FE1438}"
EndProject
Project("{FAE04EC0-301F-11D3-BF4B-00C04F79EFBC}") = "ConsoleAppCOnsumer", "ConsoleAppCOnsumer\ConsoleAppCOnsumer.csproj", "{710BAB7E-90AB-4250-B7D4-4917122F6F33}"
	ProjectSection(ProjectDependencies) = postProject
		{55C8A70D-F71B-4E4B-9EBE-562615FE1438} = {55C8A70D-F71B-4E4B-9EBE-562615FE1438}
	EndProjectSection
EndProject
Project("{FAE04EC0-301F-11D3-BF4B-00C04F79EFBC}") = "WebApplicationCalc2", "WebApplicationCalc2\WebApplicationCalc2.csproj", "{C668D704-BE2A-4B9D-9781-A0CCAC6E8DAF}"
	ProjectSection(ProjectDependencies) = postProject
		{55C8A70D-F71B-4E4B-9EBE-562615FE1438} = {55C8A70D-F71B-4E4B-9EBE-562615FE1438}
	EndProjectSection
EndProject
Global
	GlobalSection(SolutionConfigurationPlatforms) = preSolution
		Debug|Any CPU = Debug|Any CPU
		Release|Any CPU = Release|Any CPU
	EndGlobalSection
	GlobalSection(ProjectConfigurationPlatforms) = postSolution
		{55C8A70D-F71B-4E4B-9EBE-562615FE1438}.Debug|Any CPU.ActiveCfg = Debug|Any CPU
		{55C8A70D-F71B-4E4B-9EBE-562615FE1438}.Debug|Any CPU.Build.0 = Debug|Any CPU
		{55C8A70D-F71B-4E4B-9EBE-562615FE1438}.Release|Any CPU.ActiveCfg = Release|Any CPU
		{55C8A70D-F71B-4E4B-9EBE-562615FE1438}.Release|Any CPU.Build.0 = Release|Any CPU
		{710BAB7E-90AB-4250-B7D4-4917122F6F33}.Debug|Any CPU.ActiveCfg = Debug|Any CPU
		{710BAB7E-90AB-4250-B7D4-4917122F6F33}.Debug|Any CPU.Build.0 = Debug|Any CPU
		{710BAB7E-90AB-4250-B7D4-4917122F6F33}.Release|Any CPU.ActiveCfg = Release|Any CPU
		{710BAB7E-90AB-4250-B7D4-4917122F6F33}.Release|Any CPU.Build.0 = Release|Any CPU
		{C668D704-BE2A-4B9D-9781-A0CCAC6E8DAF}.Debug|Any CPU.ActiveCfg = Debug|Any CPU
		{C668D704-BE2A-4B9D-9781-A0CCAC6E8DAF}.Debug|Any CPU.Build.0 = Debug|Any CPU
		{C668D704-BE2A-4B9D-9781-A0CCAC6E8DAF}.Release|Any CPU.ActiveCfg = Release|Any CPU
		{C668D704-BE2A-4B9D-9781-A0CCAC6E8DAF}.Release|Any CPU.Build.0 = Release|Any CPU
	EndGlobalSection
	GlobalSection(SolutionProperties) = preSolution
		HideSolutionNode = FALSE
	EndGlobalSection
	GlobalSection(ExtensibilityGlobals) = postSolution
		SolutionGuid = {030AD416-5F06-441D-8204-297A51E23280}
	EndGlobalSection
EndGlobal
